
Microsoft Visual Studio Solution File, Format Version 12.00
# Visual Studio 2012
Project("{8BC9CEB8-8B4A-11D0-8D11-00A0C91BC942}") = "Scadere", "Scadere\Scadere.vcxproj", "{D8CD0E7D-6110-4646-B2C0-85604DF7804D}"
EndProject
Global
	GlobalSection(SolutionConfigurationPlatforms) = preSolution
		Debug|Win32 = Debug|Win32
		Release|Win32 = Release|Win32
	EndGlobalSection
	GlobalSection(ProjectConfigurationPlatforms) = postSolution
		{D8CD0E7D-6110-4646-B2C0-85604DF7804D}.Debug|Win32.ActiveCfg = Debug|Win32
		{D8CD0E7D-6110-4646-B2C0-85604DF7804D}.Debug|Win32.Build.0 = Debug|Win32
		{D8CD0E7D-6110-4646-B2C0-85604DF7804D}.Release|Win32.ActiveCfg = Release|Win32
		{D8CD0E7D-6110-4646-B2C0-85604DF7804D}.Release|Win32.Build.0 = Release|Win32
	EndGlobalSection
	GlobalSection(SolutionProperties) = preSolution
		HideSolutionNode = FALSE
	EndGlobalSection
EndGlobal
